PODS:
  - Alamofire (3.4.1)
  - Kingfisher (2.4.1)
  - SQLite.swift (0.10.1)
  - SwiftyJSON (2.3.2)

DEPENDENCIES:
  - Alamofire
  - Kingfisher (~> 2.4)
  - SQLite.swift (~> 0.10.1)
  - SwiftyJSON

SPEC CHECKSUMS:
  Alamofire: 01a82e2f6c0f860ade35534c8dd88be61bdef40c
  Kingfisher: 41aed5b6c1ed8fa98cf6d75283ce89cf7890f517
  SQLite.swift: 6a6e4b034efc317ce4e203b6af2d3024fee2b570
  SwiftyJSON: 04ccea08915aa0109039157c7974cf0298da292a

PODFILE CHECKSUM: f0fe0d8bac427f6bb254382fcbda7de03a7142bd

COCOAPODS: 1.0.1
