// !$*UTF8*$!
{
	archiveVersion = 1;
	classes = {
	};
	objectVersion = 46;
	objects = {

/* Begin PBXBuildFile section */
		F02E8BAC1D50ABB00032529C /* DrawViewController.swift in Sources */ = {isa = PBXBuildFile; fileRef = F02E8BAB1D50ABB00032529C /* DrawViewController.swift */; };
		F02E8BAE1D50AD150032529C /* Board.swift in Sources */ = {isa = PBXBuildFile; fileRef = F02E8BAD1D50AD150032529C /* Board.swift */; };
		F0541CA01D4B69AD0043FFE2 /* libWeChatSDK.a in Frameworks */ = {isa = PBXBuildFile; fileRef = F0541C9B1D4B69AD0043FFE2 /* libWeChatSDK.a */; };
		F0541CA11D4B69AD0043FFE2 /* README.txt in Resources */ = {isa = PBXBuildFile; fileRef = F0541C9C1D4B69AD0043FFE2 /* README.txt */; };
		F0541CA61D4B6B730043FFE2 /* SystemConfiguration.framework in Frameworks */ = {isa = PBXBuildFile; fileRef = F0541CA51D4B6B730043FFE2 /* SystemConfiguration.framework */; };
		F0541CA81D4B6B9F0043FFE2 /* libc++.tbd in Frameworks */ = {isa = PBXBuildFile; fileRef = F0541CA71D4B6B9F0043FFE2 /* libc++.tbd */; };
		F0541CAA1D4B6BB10043FFE2 /* libz.tbd in Frameworks */ = {isa = PBXBuildFile; fileRef = F0541CA91D4B6BB10043FFE2 /* libz.tbd */; };
		F0541CAC1D4B6BB90043FFE2 /* libsqlite3.0.tbd in Frameworks */ = {isa = PBXBuildFile; fileRef = F0541CAB1D4B6BB90043FFE2 /* libsqlite3.0.tbd */; };
		F0541CAE1D4B6CC40043FFE2 /* CoreTelephony.framework in Frameworks */ = {isa = PBXBuildFile; fileRef = F0541CAD1D4B6CC40043FFE2 /* CoreTelephony.framework */; };
		F0541CB01D4B6D210043FFE2 /* Constant.swift in Sources */ = {isa = PBXBuildFile; fileRef = F0541CAF1D4B6D210043FFE2 /* Constant.swift */; };
		F05F4D3F1D35F80A004013A6 /* ContentTypeCasting.swift in Sources */ = {isa = PBXBuildFile; fileRef = F05F4D3E1D35F80A004013A6 /* ContentTypeCasting.swift */; };
		F0EEF32E1D2D03AD00FFB6D6 /* AppDelegate.swift in Sources */ = {isa = PBXBuildFile; fileRef = F0EEF32D1D2D03AD00FFB6D6 /* AppDelegate.swift */; };
		F0EEF3301D2D03AD00FFB6D6 /* ViewController.swift in Sources */ = {isa = PBXBuildFile; fileRef = F0EEF32F1D2D03AD00FFB6D6 /* ViewController.swift */; };
		F0EEF3331D2D03AD00FFB6D6 /* Main.storyboard in Resources */ = {isa = PBXBuildFile; fileRef = F0EEF3311D2D03AD00FFB6D6 /* Main.storyboard */; };
		F0EEF3351D2D03AD00FFB6D6 /* Assets.xcassets in Resources */ = {isa = PBXBuildFile; fileRef = F0EEF3341D2D03AD00FFB6D6 /* Assets.xcassets */; };
		F0EEF3381D2D03AD00FFB6D6 /* LaunchScreen.storyboard in Resources */ = {isa = PBXBuildFile; fileRef = F0EEF3361D2D03AD00FFB6D6 /* LaunchScreen.storyboard */; };
		F0F5EA591D2F685B00FB9769 /* ContentViewController.swift in Sources */ = {isa = PBXBuildFile; fileRef = F0F5EA581D2F685B00FB9769 /* ContentViewController.swift */; };
		F0F5EA5B1D2F6A0400FB9769 /* ContentTheBasics.swift in Sources */ = {isa = PBXBuildFile; fileRef = F0F5EA5A1D2F6A0400FB9769 /* ContentTheBasics.swift */; };
		F0F5EA5D1D2F86A300FB9769 /* ContentOperators.swift in Sources */ = {isa = PBXBuildFile; fileRef = F0F5EA5C1D2F86A300FB9769 /* ContentOperators.swift */; };
		F0F5EA5F1D2F8E7A00FB9769 /* ContentStringAndCharacters.swift in Sources */ = {isa = PBXBuildFile; fileRef = F0F5EA5E1D2F8E7A00FB9769 /* ContentStringAndCharacters.swift */; };
		F0F5EA611D2F8E8A00FB9769 /* ContentCollectionTypes.swift in Sources */ = {isa = PBXBuildFile; fileRef = F0F5EA601D2F8E8A00FB9769 /* ContentCollectionTypes.swift */; };
		F0F5EA631D2F979500FB9769 /* ContentControlFlow.swift in Sources */ = {isa = PBXBuildFile; fileRef = F0F5EA621D2F979500FB9769 /* ContentControlFlow.swift */; };
		F0F5EA651D2F9B1300FB9769 /* ContentFunction.swift in Sources */ = {isa = PBXBuildFile; fileRef = F0F5EA641D2F9B1300FB9769 /* ContentFunction.swift */; };
		F0F5EA671D2F9C9800FB9769 /* ContentClosures.swift in Sources */ = {isa = PBXBuildFile; fileRef = F0F5EA661D2F9C9800FB9769 /* ContentClosures.swift */; };
		F0F5EA691D2F9E5400FB9769 /* ContentEnumerations.swift in Sources */ = {isa = PBXBuildFile; fileRef = F0F5EA681D2F9E5400FB9769 /* ContentEnumerations.swift */; };
		F0F5EA6B1D2F9FD300FB9769 /* ContentClassesAndStructures.swift in Sources */ = {isa = PBXBuildFile; fileRef = F0F5EA6A1D2F9FD300FB9769 /* ContentClassesAndStructures.swift */; };
		F0F5EA6D1D2F9FEC00FB9769 /* ContentProperties.swift in Sources */ = {isa = PBXBuildFile; fileRef = F0F5EA6C1D2F9FEC00FB9769 /* ContentProperties.swift */; };
		F0F5EA6F1D2FA00000FB9769 /* ContentMethods.swift in Sources */ = {isa = PBXBuildFile; fileRef = F0F5EA6E1D2FA00000FB9769 /* ContentMethods.swift */; };
		F0F5EA711D2FA02700FB9769 /* ContentSubscripts.swift in Sources */ = {isa = PBXBuildFile; fileRef = F0F5EA701D2FA02700FB9769 /* ContentSubscripts.swift */; };
		F0F5EA731D2FA41100FB9769 /* ContentInheritance.swift in Sources */ = {isa = PBXBuildFile; fileRef = F0F5EA721D2FA41100FB9769 /* ContentInheritance.swift */; };
		F0F5EA751D2FA4EB00FB9769 /* ContentInitialization.swift in Sources */ = {isa = PBXBuildFile; fileRef = F0F5EA741D2FA4EB00FB9769 /* ContentInitialization.swift */; };
		F0F5EA791D2FA65E00FB9769 /* ContentDeinitialization.swift in Sources */ = {isa = PBXBuildFile; fileRef = F0F5EA781D2FA65E00FB9769 /* ContentDeinitialization.swift */; };
		F0F5EA7B1D2FA67400FB9769 /* ContentARC.swift in Sources */ = {isa = PBXBuildFile; fileRef = F0F5EA7A1D2FA67400FB9769 /* ContentARC.swift */; };
		F0F5EA7E1D2FA69800FB9769 /* ContentOptionalChaining.swift in Sources */ = {isa = PBXBuildFile; fileRef = F0F5EA7D1D2FA69800FB9769 /* ContentOptionalChaining.swift */; };
		F0F5EA801D2FA6AA00FB9769 /* ContentErrorHandling.swift in Sources */ = {isa = PBXBuildFile; fileRef = F0F5EA7F1D2FA6AA00FB9769 /* ContentErrorHandling.swift */; };
		F0F5EA821D2FA6BC00FB9769 /* ContentNestedTypes.swift in Sources */ = {isa = PBXBuildFile; fileRef = F0F5EA811D2FA6BC00FB9769 /* ContentNestedTypes.swift */; };
		F0F5EA841D2FA6CE00FB9769 /* ContentExtensions.swift in Sources */ = {isa = PBXBuildFile; fileRef = F0F5EA831D2FA6CE00FB9769 /* ContentExtensions.swift */; };
		F0F5EA881D2FA6EB00FB9769 /* ContentProtocols.swift in Sources */ = {isa = PBXBuildFile; fileRef = F0F5EA871D2FA6EB00FB9769 /* ContentProtocols.swift */; };
		F0F5EA8A1D2FA6FC00FB9769 /* ContentGenerics.swift in Sources */ = {isa = PBXBuildFile; fileRef = F0F5EA891D2FA6FC00FB9769 /* ContentGenerics.swift */; };
		F0F5EA8C1D2FA70F00FB9769 /* ContentAccessControl.swift in Sources */ = {isa = PBXBuildFile; fileRef = F0F5EA8B1D2FA70F00FB9769 /* ContentAccessControl.swift */; };
		F0F5EA8E1D2FA72700FB9769 /* ContentAdvancedOperators.swift in Sources */ = {isa = PBXBuildFile; fileRef = F0F5EA8D1D2FA72700FB9769 /* ContentAdvancedOperators.swift */; };
/* End PBXBuildFile section */

/* Begin PBXFileReference section */
		F02E8BAB1D50ABB00032529C /* DrawViewController.swift */ = {isa = PBXFileReference; fileEncoding = 4; lastKnownFileType = sourcecode.swift; path = DrawViewController.swift; sourceTree = "<group>"; };
		F02E8BAD1D50AD150032529C /* Board.swift */ = {isa = PBXFileReference; fileEncoding = 4; lastKnownFileType = sourcecode.swift; path = Board.swift; sourceTree = "<group>"; };
		F0541C9B1D4B69AD0043FFE2 /* libWeChatSDK.a */ = {isa = PBXFileReference; lastKnownFileType = archive.ar; path = libWeChatSDK.a; sourceTree = "<group>"; };
		F0541C9C1D4B69AD0043FFE2 /* README.txt */ = {isa = PBXFileReference; fileEncoding = 4; lastKnownFileType = text; path = README.txt; sourceTree = "<group>"; };
		F0541C9D1D4B69AD0043FFE2 /* WechatAuthSDK.h */ = {isa = PBXFileReference; fileEncoding = 4; lastKnownFileType = sourcecode.c.h; path = WechatAuthSDK.h; sourceTree = "<group>"; };
		F0541C9E1D4B69AD0043FFE2 /* WXApi.h */ = {isa = PBXFileReference; fileEncoding = 4; lastKnownFileType = sourcecode.c.h; path = WXApi.h; sourceTree = "<group>"; };
		F0541C9F1D4B69AD0043FFE2 /* WXApiObject.h */ = {isa = PBXFileReference; fileEncoding = 4; lastKnownFileType = sourcecode.c.h; path = WXApiObject.h; sourceTree = "<group>"; };
		F0541CA21D4B6A2E0043FFE2 /* Swift3-Bridging-Header.h */ = {isa = PBXFileReference; fileEncoding = 4; lastKnownFileType = sourcecode.c.h; path = "Swift3-Bridging-Header.h"; sourceTree = "<group>"; };
		F0541CA51D4B6B730043FFE2 /* SystemConfiguration.framework */ = {isa = PBXFileReference; lastKnownFileType = wrapper.framework; name = SystemConfiguration.framework; path = System/Library/Frameworks/SystemConfiguration.framework; sourceTree = SDKROOT; };
		F0541CA71D4B6B9F0043FFE2 /* libc++.tbd */ = {isa = PBXFileReference; lastKnownFileType = "sourcecode.text-based-dylib-definition"; name = "libc++.tbd"; path = "usr/lib/libc++.tbd"; sourceTree = SDKROOT; };
		F0541CA91D4B6BB10043FFE2 /* libz.tbd */ = {isa = PBXFileReference; lastKnownFileType = "sourcecode.text-based-dylib-definition"; name = libz.tbd; path = usr/lib/libz.tbd; sourceTree = SDKROOT; };
		F0541CAB1D4B6BB90043FFE2 /* libsqlite3.0.tbd */ = {isa = PBXFileReference; lastKnownFileType = "sourcecode.text-based-dylib-definition"; name = libsqlite3.0.tbd; path = usr/lib/libsqlite3.0.tbd; sourceTree = SDKROOT; };
		F0541CAD1D4B6CC40043FFE2 /* CoreTelephony.framework */ = {isa = PBXFileReference; lastKnownFileType = wrapper.framework; name = CoreTelephony.framework; path = System/Library/Frameworks/CoreTelephony.framework; sourceTree = SDKROOT; };
		F0541CAF1D4B6D210043FFE2 /* Constant.swift */ = {isa = PBXFileReference; fileEncoding = 4; lastKnownFileType = sourcecode.swift; path = Constant.swift; sourceTree = "<group>"; };
		F05F4D3E1D35F80A004013A6 /* ContentTypeCasting.swift */ = {isa = PBXFileReference; fileEncoding = 4; lastKnownFileType = sourcecode.swift; name = ContentTypeCasting.swift; path = ../../ContentTypeCasting.swift; sourceTree = "<group>"; };
		F0EEF32A1D2D03AD00FFB6D6 /* Swift3.app */ = {isa = PBXFileReference; explicitFileType = wrapper.application; includeInIndex = 0; path = Swift3.app; sourceTree = BUILT_PRODUCTS_DIR; };
		F0EEF32D1D2D03AD00FFB6D6 /* AppDelegate.swift */ = {isa = PBXFileReference; lastKnownFileType = sourcecode.swift; path = AppDelegate.swift; sourceTree = "<group>"; };
		F0EEF32F1D2D03AD00FFB6D6 /* ViewController.swift */ = {isa = PBXFileReference; lastKnownFileType = sourcecode.swift; name = ViewController.swift; path = ../../ViewController.swift; sourceTree = "<group>"; };
		F0EEF3321D2D03AD00FFB6D6 /* Base */ = {isa = PBXFileReference; lastKnownFileType = file.storyboard; name = Base; path = Base.lproj/Main.storyboard; sourceTree = "<group>"; };
		F0EEF3341D2D03AD00FFB6D6 /* Assets.xcassets */ = {isa = PBXFileReference; lastKnownFileType = folder.assetcatalog; path = Assets.xcassets; sourceTree = "<group>"; };
		F0EEF3371D2D03AD00FFB6D6 /* Base */ = {isa = PBXFileReference; lastKnownFileType = file.storyboard; name = Base; path = Base.lproj/LaunchScreen.storyboard; sourceTree = "<group>"; };
		F0EEF3391D2D03AD00FFB6D6 /* Info.plist */ = {isa = PBXFileReference; lastKnownFileType = text.plist.xml; path = Info.plist; sourceTree = "<group>"; };
		F0F5EA581D2F685B00FB9769 /* ContentViewController.swift */ = {isa = PBXFileReference; fileEncoding = 4; lastKnownFileType = sourcecode.swift; name = ContentViewController.swift; path = ../../ContentViewController.swift; sourceTree = "<group>"; };
		F0F5EA5A1D2F6A0400FB9769 /* ContentTheBasics.swift */ = {isa = PBXFileReference; fileEncoding = 4; lastKnownFileType = sourcecode.swift; name = ContentTheBasics.swift; path = ../../ContentTheBasics.swift; sourceTree = "<group>"; };
		F0F5EA5C1D2F86A300FB9769 /* ContentOperators.swift */ = {isa = PBXFileReference; fileEncoding = 4; lastKnownFileType = sourcecode.swift; name = ContentOperators.swift; path = ../../ContentOperators.swift; sourceTree = "<group>"; };
		F0F5EA5E1D2F8E7A00FB9769 /* ContentStringAndCharacters.swift */ = {isa = PBXFileReference; fileEncoding = 4; lastKnownFileType = sourcecode.swift; name = ContentStringAndCharacters.swift; path = ../../ContentStringAndCharacters.swift; sourceTree = "<group>"; };
		F0F5EA601D2F8E8A00FB9769 /* ContentCollectionTypes.swift */ = {isa = PBXFileReference; fileEncoding = 4; lastKnownFileType = sourcecode.swift; name = ContentCollectionTypes.swift; path = ../../ContentCollectionTypes.swift; sourceTree = "<group>"; };
		F0F5EA621D2F979500FB9769 /* ContentControlFlow.swift */ = {isa = PBXFileReference; fileEncoding = 4; lastKnownFileType = sourcecode.swift; name = ContentControlFlow.swift; path = ../../ContentControlFlow.swift; sourceTree = "<group>"; };
		F0F5EA641D2F9B1300FB9769 /* ContentFunction.swift */ = {isa = PBXFileReference; fileEncoding = 4; lastKnownFileType = sourcecode.swift; name = ContentFunction.swift; path = ../../ContentFunction.swift; sourceTree = "<group>"; };
		F0F5EA661D2F9C9800FB9769 /* ContentClosures.swift */ = {isa = PBXFileReference; fileEncoding = 4; lastKnownFileType = sourcecode.swift; name = ContentClosures.swift; path = ../../ContentClosures.swift; sourceTree = "<group>"; };
		F0F5EA681D2F9E5400FB9769 /* ContentEnumerations.swift */ = {isa = PBXFileReference; fileEncoding = 4; lastKnownFileType = sourcecode.swift; name = ContentEnumerations.swift; path = ../../ContentEnumerations.swift; sourceTree = "<group>"; };
		F0F5EA6A1D2F9FD300FB9769 /* ContentClassesAndStructures.swift */ = {isa = PBXFileReference; fileEncoding = 4; lastKnownFileType = sourcecode.swift; name = ContentClassesAndStructures.swift; path = ../../ContentClassesAndStructures.swift; sourceTree = "<group>"; };
		F0F5EA6C1D2F9FEC00FB9769 /* ContentProperties.swift */ = {isa = PBXFileReference; fileEncoding = 4; lastKnownFileType = sourcecode.swift; name = ContentProperties.swift; path = ../../ContentProperties.swift; sourceTree = "<group>"; };
		F0F5EA6E1D2FA00000FB9769 /* ContentMethods.swift */ = {isa = PBXFileReference; fileEncoding = 4; lastKnownFileType = sourcecode.swift; name = ContentMethods.swift; path = ../../ContentMethods.swift; sourceTree = "<group>"; };
		F0F5EA701D2FA02700FB9769 /* ContentSubscripts.swift */ = {isa = PBXFileReference; fileEncoding = 4; lastKnownFileType = sourcecode.swift; name = ContentSubscripts.swift; path = ../../ContentSubscripts.swift; sourceTree = "<group>"; };
		F0F5EA721D2FA41100FB9769 /* ContentInheritance.swift */ = {isa = PBXFileReference; fileEncoding = 4; lastKnownFileType = sourcecode.swift; name = ContentInheritance.swift; path = ../../ContentInheritance.swift; sourceTree = "<group>"; };
		F0F5EA741D2FA4EB00FB9769 /* ContentInitialization.swift */ = {isa = PBXFileReference; fileEncoding = 4; lastKnownFileType = sourcecode.swift; name = ContentInitialization.swift; path = ../../ContentInitialization.swift; sourceTree = "<group>"; };
		F0F5EA781D2FA65E00FB9769 /* ContentDeinitialization.swift */ = {isa = PBXFileReference; fileEncoding = 4; lastKnownFileType = sourcecode.swift; name = ContentDeinitialization.swift; path = ../../ContentDeinitialization.swift; sourceTree = "<group>"; };
		F0F5EA7A1D2FA67400FB9769 /* ContentARC.swift */ = {isa = PBXFileReference; fileEncoding = 4; lastKnownFileType = sourcecode.swift; name = ContentARC.swift; path = ../../ContentARC.swift; sourceTree = "<group>"; };
		F0F5EA7D1D2FA69800FB9769 /* ContentOptionalChaining.swift */ = {isa = PBXFileReference; fileEncoding = 4; lastKnownFileType = sourcecode.swift; name = ContentOptionalChaining.swift; path = ../../ContentOptionalChaining.swift; sourceTree = "<group>"; };
		F0F5EA7F1D2FA6AA00FB9769 /* ContentErrorHandling.swift */ = {isa = PBXFileReference; fileEncoding = 4; lastKnownFileType = sourcecode.swift; name = ContentErrorHandling.swift; path = ../../ContentErrorHandling.swift; sourceTree = "<group>"; };
		F0F5EA811D2FA6BC00FB9769 /* ContentNestedTypes.swift */ = {isa = PBXFileReference; fileEncoding = 4; lastKnownFileType = sourcecode.swift; name = ContentNestedTypes.swift; path = ../../ContentNestedTypes.swift; sourceTree = "<group>"; };
		F0F5EA831D2FA6CE00FB9769 /* ContentExtensions.swift */ = {isa = PBXFileReference; fileEncoding = 4; lastKnownFileType = sourcecode.swift; name = ContentExtensions.swift; path = ../../ContentExtensions.swift; sourceTree = "<group>"; };
		F0F5EA871D2FA6EB00FB9769 /* ContentProtocols.swift */ = {isa = PBXFileReference; fileEncoding = 4; lastKnownFileType = sourcecode.swift; name = ContentProtocols.swift; path = ../../ContentProtocols.swift; sourceTree = "<group>"; };
		F0F5EA891D2FA6FC00FB9769 /* ContentGenerics.swift */ = {isa = PBXFileReference; fileEncoding = 4; lastKnownFileType = sourcecode.swift; name = ContentGenerics.swift; path = ../../ContentGenerics.swift; sourceTree = "<group>"; };
		F0F5EA8B1D2FA70F00FB9769 /* ContentAccessControl.swift */ = {isa = PBXFileReference; fileEncoding = 4; lastKnownFileType = sourcecode.swift; name = ContentAccessControl.swift; path = ../../ContentAccessControl.swift; sourceTree = "<group>"; };
		F0F5EA8D1D2FA72700FB9769 /* ContentAdvancedOperators.swift */ = {isa = PBXFileReference; fileEncoding = 4; lastKnownFileType = sourcecode.swift; name = ContentAdvancedOperators.swift; path = ../../ContentAdvancedOperators.swift; sourceTree = "<group>"; };
/* End PBXFileReference section */

/* Begin PBXFrameworksBuildPhase section */
		F0EEF3271D2D03AD00FFB6D6 /* Frameworks */ = {
			isa = PBXFrameworksBuildPhase;
			buildActionMask = 2147483647;
			files = (
				F0541CA61D4B6B730043FFE2 /* SystemConfiguration.framework in Frameworks */,
				F0541CAE1D4B6CC40043FFE2 /* CoreTelephony.framework in Frameworks */,
				F0541CAC1D4B6BB90043FFE2 /* libsqlite3.0.tbd in Frameworks */,
				F0541CAA1D4B6BB10043FFE2 /* libz.tbd in Frameworks */,
				F0541CA81D4B6B9F0043FFE2 /* libc++.tbd in Frameworks */,
				F0541CA01D4B69AD0043FFE2 /* libWeChatSDK.a in Frameworks */,
			);
			runOnlyForDeploymentPostprocessing = 0;
		};
/* End PBXFrameworksBuildPhase section */

/* Begin PBXGroup section */
		F02E8BAF1D50AD1F0032529C /* Content */ = {
			isa = PBXGroup;
			children = (
				F0F5EA581D2F685B00FB9769 /* ContentViewController.swift */,
				F0F5EA5A1D2F6A0400FB9769 /* ContentTheBasics.swift */,
				F0F5EA5C1D2F86A300FB9769 /* ContentOperators.swift */,
				F0F5EA5E1D2F8E7A00FB9769 /* ContentStringAndCharacters.swift */,
				F0F5EA601D2F8E8A00FB9769 /* ContentCollectionTypes.swift */,
				F0F5EA621D2F979500FB9769 /* ContentControlFlow.swift */,
				F0F5EA641D2F9B1300FB9769 /* ContentFunction.swift */,
				F0F5EA661D2F9C9800FB9769 /* ContentClosures.swift */,
				F0F5EA681D2F9E5400FB9769 /* ContentEnumerations.swift */,
				F0F5EA6A1D2F9FD300FB9769 /* ContentClassesAndStructures.swift */,
				F0F5EA6C1D2F9FEC00FB9769 /* ContentProperties.swift */,
				F0F5EA6E1D2FA00000FB9769 /* ContentMethods.swift */,
				F0F5EA701D2FA02700FB9769 /* ContentSubscripts.swift */,
				F0F5EA721D2FA41100FB9769 /* ContentInheritance.swift */,
				F0F5EA741D2FA4EB00FB9769 /* ContentInitialization.swift */,
				F0F5EA781D2FA65E00FB9769 /* ContentDeinitialization.swift */,
				F0F5EA7A1D2FA67400FB9769 /* ContentARC.swift */,
				F0F5EA7D1D2FA69800FB9769 /* ContentOptionalChaining.swift */,
				F0F5EA7F1D2FA6AA00FB9769 /* ContentErrorHandling.swift */,
				F05F4D3E1D35F80A004013A6 /* ContentTypeCasting.swift */,
				F0F5EA811D2FA6BC00FB9769 /* ContentNestedTypes.swift */,
				F0F5EA831D2FA6CE00FB9769 /* ContentExtensions.swift */,
				F0F5EA871D2FA6EB00FB9769 /* ContentProtocols.swift */,
				F0F5EA891D2FA6FC00FB9769 /* ContentGenerics.swift */,
				F0F5EA8B1D2FA70F00FB9769 /* ContentAccessControl.swift */,
				F0F5EA8D1D2FA72700FB9769 /* ContentAdvancedOperators.swift */,
			);
			name = Content;
			sourceTree = "<group>";
		};
		F02E8BB01D50AD300032529C /* Draw */ = {
			isa = PBXGroup;
			children = (
				F02E8BAD1D50AD150032529C /* Board.swift */,
				F02E8BAB1D50ABB00032529C /* DrawViewController.swift */,
			);
			name = Draw;
			sourceTree = "<group>";
		};
		F0541C9A1D4B69A30043FFE2 /* Frameworks */ = {
			isa = PBXGroup;
			children = (
				F0541CAD1D4B6CC40043FFE2 /* CoreTelephony.framework */,
				F0541CAB1D4B6BB90043FFE2 /* libsqlite3.0.tbd */,
				F0541CA91D4B6BB10043FFE2 /* libz.tbd */,
				F0541CA71D4B6B9F0043FFE2 /* libc++.tbd */,
				F0541CA51D4B6B730043FFE2 /* SystemConfiguration.framework */,
				F0541C9B1D4B69AD0043FFE2 /* libWeChatSDK.a */,
				F0541C9C1D4B69AD0043FFE2 /* README.txt */,
				F0541C9D1D4B69AD0043FFE2 /* WechatAuthSDK.h */,
				F0541C9E1D4B69AD0043FFE2 /* WXApi.h */,
				F0541C9F1D4B69AD0043FFE2 /* WXApiObject.h */,
			);
			name = Frameworks;
			path = Swift3/Frameworks;
			sourceTree = "<group>";
		};
		F0541CA41D4B6A5D0043FFE2 /* ViewController */ = {
			isa = PBXGroup;
			children = (
				F0EEF32F1D2D03AD00FFB6D6 /* ViewController.swift */,
				F02E8BB01D50AD300032529C /* Draw */,
				F02E8BAF1D50AD1F0032529C /* Content */,
			);
			name = ViewController;
			path = Frameworks/ViewController;
			sourceTree = "<group>";
		};
		F0EEF3211D2D03AC00FFB6D6 = {
			isa = PBXGroup;
			children = (
				F0541C9A1D4B69A30043FFE2 /* Frameworks */,
				F0EEF32C1D2D03AD00FFB6D6 /* Swift3 */,
				F0EEF32B1D2D03AD00FFB6D6 /* Products */,
			);
			sourceTree = "<group>";
		};
		F0EEF32B1D2D03AD00FFB6D6 /* Products */ = {
			isa = PBXGroup;
			children = (
				F0EEF32A1D2D03AD00FFB6D6 /* Swift3.app */,
			);
			name = Products;
			sourceTree = "<group>";
		};
		F0EEF32C1D2D03AD00FFB6D6 /* Swift3 */ = {
			isa = PBXGroup;
			children = (
				F0EEF32D1D2D03AD00FFB6D6 /* AppDelegate.swift */,
				F0541CAF1D4B6D210043FFE2 /* Constant.swift */,
				F0541CA21D4B6A2E0043FFE2 /* Swift3-Bridging-Header.h */,
				F0EEF3361D2D03AD00FFB6D6 /* LaunchScreen.storyboard */,
				F0EEF3311D2D03AD00FFB6D6 /* Main.storyboard */,
				F0EEF3391D2D03AD00FFB6D6 /* Info.plist */,
				F0EEF3341D2D03AD00FFB6D6 /* Assets.xcassets */,
				F0541CA41D4B6A5D0043FFE2 /* ViewController */,
			);
			path = Swift3;
			sourceTree = "<group>";
		};
/* End PBXGroup section */

/* Begin PBXNativeTarget section */
		F0EEF3291D2D03AD00FFB6D6 /* Swift3 */ = {
			isa = PBXNativeTarget;
			buildConfigurationList = F0EEF33C1D2D03AD00FFB6D6 /* Build configuration list for PBXNativeTarget "Swift3" */;
			buildPhases = (
				F0EEF3261D2D03AD00FFB6D6 /* Sources */,
				F0EEF3271D2D03AD00FFB6D6 /* Frameworks */,
				F0EEF3281D2D03AD00FFB6D6 /* Resources */,
			);
			buildRules = (
			);
			dependencies = (
			);
			name = Swift3;
			productName = Swift3;
			productReference = F0EEF32A1D2D03AD00FFB6D6 /* Swift3.app */;
			productType = "com.apple.product-type.application";
		};
/* End PBXNativeTarget section */

/* Begin PBXProject section */
		F0EEF3221D2D03AC00FFB6D6 /* Project object */ = {
			isa = PBXProject;
			attributes = {
				LastSwiftUpdateCheck = 0730;
				LastUpgradeCheck = 0730;
				ORGANIZATIONNAME = com.lovewith.lovewith;
				TargetAttributes = {
					F0EEF3291D2D03AD00FFB6D6 = {
						CreatedOnToolsVersion = 7.3.1;
						DevelopmentTeam = 2WFF3BLNE7;
					};
				};
			};
			buildConfigurationList = F0EEF3251D2D03AC00FFB6D6 /* Build configuration list for PBXProject "Swift3" */;
			compatibilityVersion = "Xcode 3.2";
			developmentRegion = English;
			hasScannedForEncodings = 0;
			knownRegions = (
				en,
				Base,
			);
			mainGroup = F0EEF3211D2D03AC00FFB6D6;
			productRefGroup = F0EEF32B1D2D03AD00FFB6D6 /* Products */;
			projectDirPath = "";
			projectRoot = "";
			targets = (
				F0EEF3291D2D03AD00FFB6D6 /* Swift3 */,
			);
		};
/* End PBXProject section */

/* Begin PBXResourcesBuildPhase section */
		F0EEF3281D2D03AD00FFB6D6 /* Resources */ = {
			isa = PBXResourcesBuildPhase;
			buildActionMask = 2147483647;
			files = (
				F0EEF3381D2D03AD00FFB6D6 /* LaunchScreen.storyboard in Resources */,
				F0EEF3351D2D03AD00FFB6D6 /* Assets.xcassets in Resources */,
				F0541CA11D4B69AD0043FFE2 /* README.txt in Resources */,
				F0EEF3331D2D03AD00FFB6D6 /* Main.storyboard in Resources */,
			);
			runOnlyForDeploymentPostprocessing = 0;
		};
/* End PBXResourcesBuildPhase section */

/* Begin PBXSourcesBuildPhase section */
		F0EEF3261D2D03AD00FFB6D6 /* Sources */ = {
			isa = PBXSourcesBuildPhase;
			buildActionMask = 2147483647;
			files = (
				F0EEF3301D2D03AD00FFB6D6 /* ViewController.swift in Sources */,
				F05F4D3F1D35F80A004013A6 /* ContentTypeCasting.swift in Sources */,
				F0F5EA801D2FA6AA00FB9769 /* ContentErrorHandling.swift in Sources */,
				F0F5EA791D2FA65E00FB9769 /* ContentDeinitialization.swift in Sources */,
				F0F5EA8E1D2FA72700FB9769 /* ContentAdvancedOperators.swift in Sources */,
				F0F5EA611D2F8E8A00FB9769 /* ContentCollectionTypes.swift in Sources */,
				F0F5EA591D2F685B00FB9769 /* ContentViewController.swift in Sources */,
				F0F5EA8A1D2FA6FC00FB9769 /* ContentGenerics.swift in Sources */,
				F0F5EA751D2FA4EB00FB9769 /* ContentInitialization.swift in Sources */,
				F0F5EA5F1D2F8E7A00FB9769 /* ContentStringAndCharacters.swift in Sources */,
				F0541CB01D4B6D210043FFE2 /* Constant.swift in Sources */,
				F0F5EA6B1D2F9FD300FB9769 /* ContentClassesAndStructures.swift in Sources */,
				F02E8BAE1D50AD150032529C /* Board.swift in Sources */,
				F02E8BAC1D50ABB00032529C /* DrawViewController.swift in Sources */,
				F0F5EA5B1D2F6A0400FB9769 /* ContentTheBasics.swift in Sources */,
				F0F5EA711D2FA02700FB9769 /* ContentSubscripts.swift in Sources */,
				F0F5EA821D2FA6BC00FB9769 /* ContentNestedTypes.swift in Sources */,
				F0EEF32E1D2D03AD00FFB6D6 /* AppDelegate.swift in Sources */,
				F0F5EA7E1D2FA69800FB9769 /* ContentOptionalChaining.swift in Sources */,
				F0F5EA731D2FA41100FB9769 /* ContentInheritance.swift in Sources */,
				F0F5EA5D1D2F86A300FB9769 /* ContentOperators.swift in Sources */,
				F0F5EA7B1D2FA67400FB9769 /* ContentARC.swift in Sources */,
				F0F5EA8C1D2FA70F00FB9769 /* ContentAccessControl.swift in Sources */,
				F0F5EA6F1D2FA00000FB9769 /* ContentMethods.swift in Sources */,
				F0F5EA6D1D2F9FEC00FB9769 /* ContentProperties.swift in Sources */,
				F0F5EA651D2F9B1300FB9769 /* ContentFunction.swift in Sources */,
				F0F5EA631D2F979500FB9769 /* ContentControlFlow.swift in Sources */,
				F0F5EA841D2FA6CE00FB9769 /* ContentExtensions.swift in Sources */,
				F0F5EA691D2F9E5400FB9769 /* ContentEnumerations.swift in Sources */,
				F0F5EA671D2F9C9800FB9769 /* ContentClosures.swift in Sources */,
				F0F5EA881D2FA6EB00FB9769 /* ContentProtocols.swift in Sources */,
			);
			runOnlyForDeploymentPostprocessing = 0;
		};
/* End PBXSourcesBuildPhase section */

/* Begin PBXVariantGroup section */
		F0EEF3311D2D03AD00FFB6D6 /* Main.storyboard */ = {
			isa = PBXVariantGroup;
			children = (
				F0EEF3321D2D03AD00FFB6D6 /* Base */,
			);
			name = Main.storyboard;
			sourceTree = "<group>";
		};
		F0EEF3361D2D03AD00FFB6D6 /* LaunchScreen.storyboard */ = {
			isa = PBXVariantGroup;
			children = (
				F0EEF3371D2D03AD00FFB6D6 /* Base */,
			);
			name = LaunchScreen.storyboard;
			sourceTree = "<group>";
		};
/* End PBXVariantGroup section */

/* Begin XCBuildConfiguration section */
		F0EEF33A1D2D03AD00FFB6D6 /* Debug */ = {
			isa = XCBuildConfiguration;
			buildSettings = {
				ALWAYS_SEARCH_USER_PATHS = NO;
				CLANG_ANALYZER_NONNULL = YES;
				CLANG_CXX_LANGUAGE_STANDARD = "gnu++0x";
				CLANG_CXX_LIBRARY = "libc++";
				CLANG_ENABLE_MODULES = YES;
				CLANG_ENABLE_OBJC_ARC = YES;
				CLANG_WARN_BOOL_CONVERSION = YES;
				CLANG_WARN_CONSTANT_CONVERSION = YES;
				CLANG_WARN_DIRECT_OBJC_ISA_USAGE = YES_ERROR;
				CLANG_WARN_EMPTY_BODY = YES;
				CLANG_WARN_ENUM_CONVERSION = YES;
				CLANG_WARN_INT_CONVERSION = YES;
				CLANG_WARN_OBJC_ROOT_CLASS = YES_ERROR;
				CLANG_WARN_UNREACHABLE_CODE = YES;
				CLANG_WARN__DUPLICATE_METHOD_MATCH = YES;
				"CODE_SIGN_IDENTITY[sdk=iphoneos*]" = "iPhone Developer";
				COPY_PHASE_STRIP = NO;
				DEBUG_INFORMATION_FORMAT = dwarf;
				ENABLE_STRICT_OBJC_MSGSEND = YES;
				ENABLE_TESTABILITY = YES;
				GCC_C_LANGUAGE_STANDARD = gnu99;
				GCC_DYNAMIC_NO_PIC = NO;
				GCC_NO_COMMON_BLOCKS = YES;
				GCC_OPTIMIZATION_LEVEL = 0;
				GCC_PREPROCESSOR_DEFINITIONS = (
					"DEBUG=1",
					"$(inherited)",
				);
				GCC_WARN_64_TO_32_BIT_CONVERSION = YES;
				GCC_WARN_ABOUT_RETURN_TYPE = YES_ERROR;
				GCC_WARN_UNDECLARED_SELECTOR = YES;
				GCC_WARN_UNINITIALIZED_AUTOS = YES_AGGRESSIVE;
				GCC_WARN_UNUSED_FUNCTION = YES;
				GCC_WARN_UNUSED_VARIABLE = YES;
				IPHONEOS_DEPLOYMENT_TARGET = 9.3;
				MTL_ENABLE_DEBUG_INFO = YES;
				ONLY_ACTIVE_ARCH = YES;
				SDKROOT = iphoneos;
				SWIFT_OPTIMIZATION_LEVEL = "-Onone";
				TARGETED_DEVICE_FAMILY = "1,2";
			};
			name = Debug;
		};
		F0EEF33B1D2D03AD00FFB6D6 /* Release */ = {
			isa = XCBuildConfiguration;
			buildSettings = {
				ALWAYS_SEARCH_USER_PATHS = NO;
				CLANG_ANALYZER_NONNULL = YES;
				CLANG_CXX_LANGUAGE_STANDARD = "gnu++0x";
				CLANG_CXX_LIBRARY = "libc++";
				CLANG_ENABLE_MODULES = YES;
				CLANG_ENABLE_OBJC_ARC = YES;
				CLANG_WARN_BOOL_CONVERSION = YES;
				CLANG_WARN_CONSTANT_CONVERSION = YES;
				CLANG_WARN_DIRECT_OBJC_ISA_USAGE = YES_ERROR;
				CLANG_WARN_EMPTY_BODY = YES;
				CLANG_WARN_ENUM_CONVERSION = YES;
				CLANG_WARN_INT_CONVERSION = YES;
				CLANG_WARN_OBJC_ROOT_CLASS = YES_ERROR;
				CLANG_WARN_UNREACHABLE_CODE = YES;
				CLANG_WARN__DUPLICATE_METHOD_MATCH = YES;
				"CODE_SIGN_IDENTITY[sdk=iphoneos*]" = "iPhone Developer";
				COPY_PHASE_STRIP = NO;
				DEBUG_INFORMATION_FORMAT = "dwarf-with-dsym";
				ENABLE_NS_ASSERTIONS = NO;
				ENABLE_STRICT_OBJC_MSGSEND = YES;
				GCC_C_LANGUAGE_STANDARD = gnu99;
				GCC_NO_COMMON_BLOCKS = YES;
				GCC_WARN_64_TO_32_BIT_CONVERSION = YES;
				GCC_WARN_ABOUT_RETURN_TYPE = YES_ERROR;
				GCC_WARN_UNDECLARED_SELECTOR = YES;
				GCC_WARN_UNINITIALIZED_AUTOS = YES_AGGRESSIVE;
				GCC_WARN_UNUSED_FUNCTION = YES;
				GCC_WARN_UNUSED_VARIABLE = YES;
				IPHONEOS_DEPLOYMENT_TARGET = 9.3;
				MTL_ENABLE_DEBUG_INFO = NO;
				SDKROOT = iphoneos;
				TARGETED_DEVICE_FAMILY = "1,2";
				VALIDATE_PRODUCT = YES;
			};
			name = Release;
		};
		F0EEF33D1D2D03AD00FFB6D6 /* Debug */ = {
			isa = XCBuildConfiguration;
			buildSettings = {
				ASSETCATALOG_COMPILER_APPICON_NAME = AppIcon;
				CODE_SIGN_IDENTITY = "iPhone Developer";
				"CODE_SIGN_IDENTITY[sdk=iphoneos*]" = "iPhone Developer";
				INFOPLIST_FILE = Swift3/Info.plist;
				IPHONEOS_DEPLOYMENT_TARGET = 8.0;
				LD_RUNPATH_SEARCH_PATHS = "$(inherited) @executable_path/Frameworks";
				LIBRARY_SEARCH_PATHS = (
					"$(inherited)",
					"$(PROJECT_DIR)/Swift3/Frameworks",
				);
				PRODUCT_BUNDLE_IDENTIFIER = com.lovewith.lovewith.Swift3;
				PRODUCT_NAME = "$(TARGET_NAME)";
				PROVISIONING_PROFILE = "";
				SWIFT_OBJC_BRIDGING_HEADER = "$(SRCROOT)/Swift3/Swift3-Bridging-Header.h";
			};
			name = Debug;
		};
		F0EEF33E1D2D03AD00FFB6D6 /* Release */ = {
			isa = XCBuildConfiguration;
			buildSettings = {
				ASSETCATALOG_COMPILER_APPICON_NAME = AppIcon;
				CODE_SIGN_IDENTITY = "iPhone Developer";
				"CODE_SIGN_IDENTITY[sdk=iphoneos*]" = "iPhone Developer";
				INFOPLIST_FILE = Swift3/Info.plist;
				IPHONEOS_DEPLOYMENT_TARGET = 8.0;
				LD_RUNPATH_SEARCH_PATHS = "$(inherited) @executable_path/Frameworks";
				LIBRARY_SEARCH_PATHS = (
					"$(inherited)",
					"$(PROJECT_DIR)/Swift3/Frameworks",
				);
				PRODUCT_BUNDLE_IDENTIFIER = com.lovewith.lovewith.Swift3;
				PRODUCT_NAME = "$(TARGET_NAME)";
				PROVISIONING_PROFILE = "";
				SWIFT_OBJC_BRIDGING_HEADER = "$(SRCROOT)/Swift3/Swift3-Bridging-Header.h";
			};
			name = Release;
		};
/* End XCBuildConfiguration section */

/* Begin XCConfigurationList section */
		F0EEF3251D2D03AC00FFB6D6 /* Build configuration list for PBXProject "Swift3" */ = {
			isa = XCConfigurationList;
			buildConfigurations = (
				F0EEF33A1D2D03AD00FFB6D6 /* Debug */,
				F0EEF33B1D2D03AD00FFB6D6 /* Release */,
			);
			defaultConfigurationIsVisible = 0;
			defaultConfigurationName = Release;
		};
		F0EEF33C1D2D03AD00FFB6D6 /* Build configuration list for PBXNativeTarget "Swift3" */ = {
			isa = XCConfigurationList;
			buildConfigurations = (
				F0EEF33D1D2D03AD00FFB6D6 /* Debug */,
				F0EEF33E1D2D03AD00FFB6D6 /* Release */,
			);
			defaultConfigurationIsVisible = 0;
			defaultConfigurationName = Release;
		};
/* End XCConfigurationList section */
	};
	rootObject = F0EEF3221D2D03AC00FFB6D6 /* Project object */;
}
